
Microsoft Visual Studio Solution File, Format Version 12.00
# Visual Studio Version 17
VisualStudioVersion = 17.0.31903.59
MinimumVisualStudioVersion = 10.0.40219.1
Project("{FAE04EC0-301F-11D3-BF4B-00C04F79EFBC}") = "CourseWork_Sharp", "CourseWork_Sharp.csproj", "{03C10E60-234C-426D-A70D-3879E0B301BE}"
EndProject
Global
	GlobalSection(SolutionConfigurationPlatforms) = preSolution
		Debug|Any CPU = Debug|Any CPU
		Release|Any CPU = Release|Any CPU
	EndGlobalSection
	GlobalSection(ProjectConfigurationPlatforms) = postSolution
		{03C10E60-234C-426D-A70D-3879E0B301BE}.Debug|Any CPU.ActiveCfg = Debug|Any CPU
		{03C10E60-234C-426D-A70D-3879E0B301BE}.Debug|Any CPU.Build.0 = Debug|Any CPU
		{03C10E60-234C-426D-A70D-3879E0B301BE}.Release|Any CPU.ActiveCfg = Release|Any CPU
		{03C10E60-234C-426D-A70D-3879E0B301BE}.Release|Any CPU.Build.0 = Release|Any CPU
	EndGlobalSection
	GlobalSection(SolutionProperties) = preSolution
		HideSolutionNode = FALSE
	EndGlobalSection
	GlobalSection(ExtensibilityGlobals) = postSolution
		SolutionGuid = {D32B5DBD-2434-4D72-B7D4-385A703F2B61}
	EndGlobalSection
EndGlobal
